
Microsoft Visual Studio Solution File, Format Version 12.00
# Visual Studio Version 17
VisualStudioVersion = 17.14.36408.4 d17.14
MinimumVisualStudioVersion = 10.0.40219.1
Project("{FAE04EC0-301F-11D3-BF4B-00C04F79EFBC}") = "eCommerceSolution.ProductsService", "eCommerceSolution.ProductsService\eCommerceSolution.ProductsService.csproj", "{CF8AC8E7-09A4-4A56-B266-4C07D37E0541}"
EndProject
Global
	GlobalSection(SolutionConfigurationPlatforms) = preSolution
		Debug|Any CPU = Debug|Any CPU
		Release|Any CPU = Release|Any CPU
	EndGlobalSection
	GlobalSection(ProjectConfigurationPlatforms) = postSolution
		{CF8AC8E7-09A4-4A56-B266-4C07D37E0541}.Debug|Any CPU.ActiveCfg = Debug|Any CPU
		{CF8AC8E7-09A4-4A56-B266-4C07D37E0541}.Debug|Any CPU.Build.0 = Debug|Any CPU
		{CF8AC8E7-09A4-4A56-B266-4C07D37E0541}.Release|Any CPU.ActiveCfg = Release|Any CPU
		{CF8AC8E7-09A4-4A56-B266-4C07D37E0541}.Release|Any CPU.Build.0 = Release|Any CPU
	EndGlobalSection
	GlobalSection(SolutionProperties) = preSolution
		HideSolutionNode = FALSE
	EndGlobalSection
	GlobalSection(ExtensibilityGlobals) = postSolution
		SolutionGuid = {82DF0B88-DFF1-4DF2-B68F-2A14470675E4}
	EndGlobalSection
EndGlobal
